// !$*UTF8*$!
{
	archiveVersion = 1;
	classes = {
	};
	objectVersion = 56;
	objects = {

/* Begin PBXBuildFile section */
		2A371CB62B3732CC0043802A /* AppDelegate.swift in Sources */ = {isa = PBXBuildFile; fileRef = 2A371CB52B3732CC0043802A /* AppDelegate.swift */; };
		2A371CB82B3732CC0043802A /* SceneDelegate.swift in Sources */ = {isa = PBXBuildFile; fileRef = 2A371CB72B3732CC0043802A /* SceneDelegate.swift */; };
		2A371CBF2B3732CE0043802A /* Assets.xcassets in Resources */ = {isa = PBXBuildFile; fileRef = 2A371CBE2B3732CE0043802A /* Assets.xcassets */; };
		2A371CC22B3732CE0043802A /* LaunchScreen.storyboard in Resources */ = {isa = PBXBuildFile; fileRef = 2A371CC02B3732CE0043802A /* LaunchScreen.storyboard */; };
		2A371CCB2B3733400043802A /* ContactListViewController.swift in Sources */ = {isa = PBXBuildFile; fileRef = 2A371CCA2B3733400043802A /* ContactListViewController.swift */; };
		2A371CCD2B37335C0043802A /* ContactListScreen.swift in Sources */ = {isa = PBXBuildFile; fileRef = 2A371CCC2B37335C0043802A /* ContactListScreen.swift */; };
		2A371CD02B37403C0043802A /* Contact.swift in Sources */ = {isa = PBXBuildFile; fileRef = 2A371CCF2B37403C0043802A /* Contact.swift */; };
		2A371CD32B3742150043802A /* Alert.swift in Sources */ = {isa = PBXBuildFile; fileRef = 2A371CD22B3742150043802A /* Alert.swift */; };
		2A3ACAFD2B38DC7100BB3E5B /* ContactDetailsViewController.swift in Sources */ = {isa = PBXBuildFile; fileRef = 2A3ACAFC2B38DC7100BB3E5B /* ContactDetailsViewController.swift */; };
		2A3ACB012B38DF1C00BB3E5B /* ContactDetailsScreen.swift in Sources */ = {isa = PBXBuildFile; fileRef = 2A3ACB002B38DF1C00BB3E5B /* ContactDetailsScreen.swift */; };
/* End PBXBuildFile section */

/* Begin PBXFileReference section */
		2A371CB22B3732CC0043802A /* MyContactList.app */ = {isa = PBXFileReference; explicitFileType = wrapper.application; includeInIndex = 0; path = MyContactList.app; sourceTree = BUILT_PRODUCTS_DIR; };
		2A371CB52B3732CC0043802A /* AppDelegate.swift */ = {isa = PBXFileReference; lastKnownFileType = sourcecode.swift; path = AppDelegate.swift; sourceTree = "<group>"; };
		2A371CB72B3732CC0043802A /* SceneDelegate.swift */ = {isa = PBXFileReference; lastKnownFileType = sourcecode.swift; path = SceneDelegate.swift; sourceTree = "<group>"; };
		2A371CBE2B3732CE0043802A /* Assets.xcassets */ = {isa = PBXFileReference; lastKnownFileType = folder.assetcatalog; path = Assets.xcassets; sourceTree = "<group>"; };
		2A371CC12B3732CE0043802A /* Base */ = {isa = PBXFileReference; lastKnownFileType = file.storyboard; name = Base; path = Base.lproj/LaunchScreen.storyboard; sourceTree = "<group>"; };
		2A371CC32B3732CE0043802A /* Info.plist */ = {isa = PBXFileReference; lastKnownFileType = text.plist.xml; path = Info.plist; sourceTree = "<group>"; };
		2A371CCA2B3733400043802A /* ContactListViewController.swift */ = {isa = PBXFileReference; lastKnownFileType = sourcecode.swift; path = ContactListViewController.swift; sourceTree = "<group>"; };
		2A371CCC2B37335C0043802A /* ContactListScreen.swift */ = {isa = PBXFileReference; lastKnownFileType = sourcecode.swift; path = ContactListScreen.swift; sourceTree = "<group>"; };
		2A371CCF2B37403C0043802A /* Contact.swift */ = {isa = PBXFileReference; lastKnownFileType = sourcecode.swift; path = Contact.swift; sourceTree = "<group>"; };
		2A371CD22B3742150043802A /* Alert.swift */ = {isa = PBXFileReference; lastKnownFileType = sourcecode.swift; path = Alert.swift; sourceTree = "<group>"; };
		2A3ACAFC2B38DC7100BB3E5B /* ContactDetailsViewController.swift */ = {isa = PBXFileReference; lastKnownFileType = sourcecode.swift; path = ContactDetailsViewController.swift; sourceTree = "<group>"; };
		2A3ACB002B38DF1C00BB3E5B /* ContactDetailsScreen.swift */ = {isa = PBXFileReference; lastKnownFileType = sourcecode.swift; path = ContactDetailsScreen.swift; sourceTree = "<group>"; };
/* End PBXFileReference section */

/* Begin PBXFrameworksBuildPhase section */
		2A371CAF2B3732CC0043802A /* Frameworks */ = {
			isa = PBXFrameworksBuildPhase;
			buildActionMask = 2147483647;
			files = (
			);
			runOnlyForDeploymentPostprocessing = 0;
		};
/* End PBXFrameworksBuildPhase section */

/* Begin PBXGroup section */
		2A371CA92B3732CC0043802A = {
			isa = PBXGroup;
			children = (
				2A371CB42B3732CC0043802A /* MyContactList */,
				2A371CB32B3732CC0043802A /* Products */,
			);
			sourceTree = "<group>";
		};
		2A371CB32B3732CC0043802A /* Products */ = {
			isa = PBXGroup;
			children = (
				2A371CB22B3732CC0043802A /* MyContactList.app */,
			);
			name = Products;
			sourceTree = "<group>";
		};
		2A371CB42B3732CC0043802A /* MyContactList */ = {
			isa = PBXGroup;
			children = (
				2A371CD12B3741FB0043802A /* Alert */,
				2A371CCE2B3740260043802A /* Model */,
				2A371CC92B3733130043802A /* ContactList */,
				2A3ACAFB2B38DC5C00BB3E5B /* ContactDetails */,
				2A4108E42B4DFE02005298AE /* Others */,
				2A371CBE2B3732CE0043802A /* Assets.xcassets */,
				2A371CC32B3732CE0043802A /* Info.plist */,
			);
			path = MyContactList;
			sourceTree = "<group>";
		};
		2A371CC92B3733130043802A /* ContactList */ = {
			isa = PBXGroup;
			children = (
				2A371CCA2B3733400043802A /* ContactListViewController.swift */,
				2A371CCC2B37335C0043802A /* ContactListScreen.swift */,
			);
			path = ContactList;
			sourceTree = "<group>";
		};
		2A371CCE2B3740260043802A /* Model */ = {
			isa = PBXGroup;
			children = (
				2A371CCF2B37403C0043802A /* Contact.swift */,
			);
			path = Model;
			sourceTree = "<group>";
		};
		2A371CD12B3741FB0043802A /* Alert */ = {
			isa = PBXGroup;
			children = (
				2A371CD22B3742150043802A /* Alert.swift */,
			);
			path = Alert;
			sourceTree = "<group>";
		};
		2A3ACAFB2B38DC5C00BB3E5B /* ContactDetails */ = {
			isa = PBXGroup;
			children = (
				2A3ACAFC2B38DC7100BB3E5B /* ContactDetailsViewController.swift */,
				2A3ACB002B38DF1C00BB3E5B /* ContactDetailsScreen.swift */,
			);
			path = ContactDetails;
			sourceTree = "<group>";
		};
		2A4108E42B4DFE02005298AE /* Others */ = {
			isa = PBXGroup;
			children = (
				2A371CC02B3732CE0043802A /* LaunchScreen.storyboard */,
				2A371CB72B3732CC0043802A /* SceneDelegate.swift */,
				2A371CB52B3732CC0043802A /* AppDelegate.swift */,
			);
			path = Others;
			sourceTree = "<group>";
		};
/* End PBXGroup section */

/* Begin PBXNativeTarget section */
		2A371CB12B3732CC0043802A /* MyContactList */ = {
			isa = PBXNativeTarget;
			buildConfigurationList = 2A371CC62B3732CE0043802A /* Build configuration list for PBXNativeTarget "MyContactList" */;
			buildPhases = (
				2A371CAE2B3732CC0043802A /* Sources */,
				2A371CAF2B3732CC0043802A /* Frameworks */,
				2A371CB02B3732CC0043802A /* Resources */,
			);
			buildRules = (
			);
			dependencies = (
			);
			name = MyContactList;
			productName = MyContactList;
			productReference = 2A371CB22B3732CC0043802A /* MyContactList.app */;
			productType = "com.apple.product-type.application";
		};
/* End PBXNativeTarget section */

/* Begin PBXProject section */
		2A371CAA2B3732CC0043802A /* Project object */ = {
			isa = PBXProject;
			attributes = {
				BuildIndependentTargetsInParallel = 1;
				LastSwiftUpdateCheck = 1420;
				LastUpgradeCheck = 1420;
				TargetAttributes = {
					2A371CB12B3732CC0043802A = {
						CreatedOnToolsVersion = 14.2;
					};
				};
			};
			buildConfigurationList = 2A371CAD2B3732CC0043802A /* Build configuration list for PBXProject "MyContactList" */;
			compatibilityVersion = "Xcode 14.0";
			developmentRegion = en;
			hasScannedForEncodings = 0;
			knownRegions = (
				en,
				Base,
			);
			mainGroup = 2A371CA92B3732CC0043802A;
			productRefGroup = 2A371CB32B3732CC0043802A /* Products */;
			projectDirPath = "";
			projectRoot = "";
			targets = (
				2A371CB12B3732CC0043802A /* MyContactList */,
			);
		};
/* End PBXProject section */

/* Begin PBXResourcesBuildPhase section */
		2A371CB02B3732CC0043802A /* Resources */ = {
			isa = PBXResourcesBuildPhase;
			buildActionMask = 2147483647;
			files = (
				2A371CC22B3732CE0043802A /* LaunchScreen.storyboard in Resources */,
				2A371CBF2B3732CE0043802A /* Assets.xcassets in Resources */,
			);
			runOnlyForDeploymentPostprocessing = 0;
		};
/* End PBXResourcesBuildPhase section */

/* Begin PBXSourcesBuildPhase section */
		2A371CAE2B3732CC0043802A /* Sources */ = {
			isa = PBXSourcesBuildPhase;
			buildActionMask = 2147483647;
			files = (
				2A371CD02B37403C0043802A /* Contact.swift in Sources */,
				2A3ACB012B38DF1C00BB3E5B /* ContactDetailsScreen.swift in Sources */,
				2A371CD32B3742150043802A /* Alert.swift in Sources */,
				2A371CCB2B3733400043802A /* ContactListViewController.swift in Sources */,
				2A371CB62B3732CC0043802A /* AppDelegate.swift in Sources */,
				2A371CB82B3732CC0043802A /* SceneDelegate.swift in Sources */,
				2A3ACAFD2B38DC7100BB3E5B /* ContactDetailsViewController.swift in Sources */,
				2A371CCD2B37335C0043802A /* ContactListScreen.swift in Sources */,
			);
			runOnlyForDeploymentPostprocessing = 0;
		};
/* End PBXSourcesBuildPhase section */

/* Begin PBXVariantGroup section */
		2A371CC02B3732CE0043802A /* LaunchScreen.storyboard */ = {
			isa = PBXVariantGroup;
			children = (
				2A371CC12B3732CE0043802A /* Base */,
			);
			name = LaunchScreen.storyboard;
			sourceTree = "<group>";
		};
/* End PBXVariantGroup section */

/* Begin XCBuildConfiguration section */
		2A371CC42B3732CE0043802A /* Debug */ = {
			isa = XCBuildConfiguration;
			buildSettings = {
				ALWAYS_SEARCH_USER_PATHS = NO;
				CLANG_ANALYZER_NONNULL = YES;
				CLANG_ANALYZER_NUMBER_OBJECT_CONVERSION = YES_AGGRESSIVE;
				CLANG_CXX_LANGUAGE_STANDARD = "gnu++20";
				CLANG_ENABLE_MODULES = YES;
				CLANG_ENABLE_OBJC_ARC = YES;
				CLANG_ENABLE_OBJC_WEAK = YES;
				CLANG_WARN_BLOCK_CAPTURE_AUTORELEASING = YES;
				CLANG_WARN_BOOL_CONVERSION = YES;
				CLANG_WARN_COMMA = YES;
				CLANG_WARN_CONSTANT_CONVERSION = YES;
				CLANG_WARN_DEPRECATED_OBJC_IMPLEMENTATIONS = YES;
				CLANG_WARN_DIRECT_OBJC_ISA_USAGE = YES_ERROR;
				CLANG_WARN_DOCUMENTATION_COMMENTS = YES;
				CLANG_WARN_EMPTY_BODY = YES;
				CLANG_WARN_ENUM_CONVERSION = YES;
				CLANG_WARN_INFINITE_RECURSION = YES;
				CLANG_WARN_INT_CONVERSION = YES;
				CLANG_WARN_NON_LITERAL_NULL_CONVERSION = YES;
				CLANG_WARN_OBJC_IMPLICIT_RETAIN_SELF = YES;
				CLANG_WARN_OBJC_LITERAL_CONVERSION = YES;
				CLANG_WARN_OBJC_ROOT_CLASS = YES_ERROR;
				CLANG_WARN_QUOTED_INCLUDE_IN_FRAMEWORK_HEADER = YES;
				CLANG_WARN_RANGE_LOOP_ANALYSIS = YES;
				CLANG_WARN_STRICT_PROTOTYPES = YES;
				CLANG_WARN_SUSPICIOUS_MOVE = YES;
				CLANG_WARN_UNGUARDED_AVAILABILITY = YES_AGGRESSIVE;
				CLANG_WARN_UNREACHABLE_CODE = YES;
				CLANG_WARN__DUPLICATE_METHOD_MATCH = YES;
				COPY_PHASE_STRIP = NO;
				DEBUG_INFORMATION_FORMAT = dwarf;
				ENABLE_STRICT_OBJC_MSGSEND = YES;
				ENABLE_TESTABILITY = YES;
				GCC_C_LANGUAGE_STANDARD = gnu11;
				GCC_DYNAMIC_NO_PIC = NO;
				GCC_NO_COMMON_BLOCKS = YES;
				GCC_OPTIMIZATION_LEVEL = 0;
				GCC_PREPROCESSOR_DEFINITIONS = (
					"DEBUG=1",
					"$(inherited)",
				);
				GCC_WARN_64_TO_32_BIT_CONVERSION = YES;
				GCC_WARN_ABOUT_RETURN_TYPE = YES_ERROR;
				GCC_WARN_UNDECLARED_SELECTOR = YES;
				GCC_WARN_UNINITIALIZED_AUTOS = YES_AGGRESSIVE;
				GCC_WARN_UNUSED_FUNCTION = YES;
				GCC_WARN_UNUSED_VARIABLE = YES;
				IPHONEOS_DEPLOYMENT_TARGET = 16.2;
				MTL_ENABLE_DEBUG_INFO = INCLUDE_SOURCE;
				MTL_FAST_MATH = YES;
				ONLY_ACTIVE_ARCH = YES;
				SDKROOT = iphoneos;
				SWIFT_ACTIVE_COMPILATION_CONDITIONS = DEBUG;
				SWIFT_OPTIMIZATION_LEVEL = "-Onone";
			};
			name = Debug;
		};
		2A371CC52B3732CE0043802A /* Release */ = {
			isa = XCBuildConfiguration;
			buildSettings = {
				ALWAYS_SEARCH_USER_PATHS = NO;
				CLANG_ANALYZER_NONNULL = YES;
				CLANG_ANALYZER_NUMBER_OBJECT_CONVERSION = YES_AGGRESSIVE;
				CLANG_CXX_LANGUAGE_STANDARD = "gnu++20";
				CLANG_ENABLE_MODULES = YES;
				CLANG_ENABLE_OBJC_ARC = YES;
				CLANG_ENABLE_OBJC_WEAK = YES;
				CLANG_WARN_BLOCK_CAPTURE_AUTORELEASING = YES;
				CLANG_WARN_BOOL_CONVERSION = YES;
				CLANG_WARN_COMMA = YES;
				CLANG_WARN_CONSTANT_CONVERSION = YES;
				CLANG_WARN_DEPRECATED_OBJC_IMPLEMENTATIONS = YES;
				CLANG_WARN_DIRECT_OBJC_ISA_USAGE = YES_ERROR;
				CLANG_WARN_DOCUMENTATION_COMMENTS = YES;
				CLANG_WARN_EMPTY_BODY = YES;
				CLANG_WARN_ENUM_CONVERSION = YES;
				CLANG_WARN_INFINITE_RECURSION = YES;
				CLANG_WARN_INT_CONVERSION = YES;
				CLANG_WARN_NON_LITERAL_NULL_CONVERSION = YES;
				CLANG_WARN_OBJC_IMPLICIT_RETAIN_SELF = YES;
				CLANG_WARN_OBJC_LITERAL_CONVERSION = YES;
				CLANG_WARN_OBJC_ROOT_CLASS = YES_ERROR;
				CLANG_WARN_QUOTED_INCLUDE_IN_FRAMEWORK_HEADER = YES;
				CLANG_WARN_RANGE_LOOP_ANALYSIS = YES;
				CLANG_WARN_STRICT_PROTOTYPES = YES;
				CLANG_WARN_SUSPICIOUS_MOVE = YES;
				CLANG_WARN_UNGUARDED_AVAILABILITY = YES_AGGRESSIVE;
				CLANG_WARN_UNREACHABLE_CODE = YES;
				CLANG_WARN__DUPLICATE_METHOD_MATCH = YES;
				COPY_PHASE_STRIP = NO;
				DEBUG_INFORMATION_FORMAT = "dwarf-with-dsym";
				ENABLE_NS_ASSERTIONS = NO;
				ENABLE_STRICT_OBJC_MSGSEND = YES;
				GCC_C_LANGUAGE_STANDARD = gnu11;
				GCC_NO_COMMON_BLOCKS = YES;
				GCC_WARN_64_TO_32_BIT_CONVERSION = YES;
				GCC_WARN_ABOUT_RETURN_TYPE = YES_ERROR;
				GCC_WARN_UNDECLARED_SELECTOR = YES;
				GCC_WARN_UNINITIALIZED_AUTOS = YES_AGGRESSIVE;
				GCC_WARN_UNUSED_FUNCTION = YES;
				GCC_WARN_UNUSED_VARIABLE = YES;
				IPHONEOS_DEPLOYMENT_TARGET = 16.2;
				MTL_ENABLE_DEBUG_INFO = NO;
				MTL_FAST_MATH = YES;
				SDKROOT = iphoneos;
				SWIFT_COMPILATION_MODE = wholemodule;
				SWIFT_OPTIMIZATION_LEVEL = "-O";
				VALIDATE_PRODUCT = YES;
			};
			name = Release;
		};
		2A371CC72B3732CE0043802A /* Debug */ = {
			isa = XCBuildConfiguration;
			buildSettings = {
				ASSETCATALOG_COMPILER_APPICON_NAME = AppIcon;
				ASSETCATALOG_COMPILER_GLOBAL_ACCENT_COLOR_NAME = AccentColor;
				CODE_SIGN_STYLE = Automatic;
				CURRENT_PROJECT_VERSION = 1;
				GENERATE_INFOPLIST_FILE = YES;
				INFOPLIST_FILE = MyContactList/Info.plist;
				INFOPLIST_KEY_UIApplicationSupportsIndirectInputEvents = YES;
				INFOPLIST_KEY_UILaunchStoryboardName = LaunchScreen;
				INFOPLIST_KEY_UIMainStoryboardFile = "";
				INFOPLIST_KEY_UISupportedInterfaceOrientations = UIInterfaceOrientationPortrait;
				INFOPLIST_KEY_UISupportedInterfaceOrientations_iPad = "UIInterfaceOrientationLandscapeLeft UIInterfaceOrientationLandscapeRight UIInterfaceOrientationPortrait UIInterfaceOrientationPortraitUpsideDown";
				IPHONEOS_DEPLOYMENT_TARGET = 15.6;
				LD_RUNPATH_SEARCH_PATHS = (
					"$(inherited)",
					"@executable_path/Frameworks",
				);
				MARKETING_VERSION = 1.0;
				PRODUCT_BUNDLE_IDENTIFIER = EullerAmaral.MyContactList;
				PRODUCT_NAME = "$(TARGET_NAME)";
				SUPPORTED_PLATFORMS = "iphoneos iphonesimulator";
				SUPPORTS_MACCATALYST = NO;
				SUPPORTS_MAC_DESIGNED_FOR_IPHONE_IPAD = NO;
				SWIFT_EMIT_LOC_STRINGS = YES;
				SWIFT_VERSION = 5.0;
				TARGETED_DEVICE_FAMILY = 1;
			};
			name = Debug;
		};
		2A371CC82B3732CE0043802A /* Release */ = {
			isa = XCBuildConfiguration;
			buildSettings = {
				ASSETCATALOG_COMPILER_APPICON_NAME = AppIcon;
				ASSETCATALOG_COMPILER_GLOBAL_ACCENT_COLOR_NAME = AccentColor;
				CODE_SIGN_STYLE = Automatic;
				CURRENT_PROJECT_VERSION = 1;
				GENERATE_INFOPLIST_FILE = YES;
				INFOPLIST_FILE = MyContactList/Info.plist;
				INFOPLIST_KEY_UIApplicationSupportsIndirectInputEvents = YES;
				INFOPLIST_KEY_UILaunchStoryboardName = LaunchScreen;
				INFOPLIST_KEY_UIMainStoryboardFile = "";
				INFOPLIST_KEY_UISupportedInterfaceOrientations = UIInterfaceOrientationPortrait;
				INFOPLIST_KEY_UISupportedInterfaceOrientations_iPad = "UIInterfaceOrientationLandscapeLeft UIInterfaceOrientationLandscapeRight UIInterfaceOrientationPortrait UIInterfaceOrientationPortraitUpsideDown";
				IPHONEOS_DEPLOYMENT_TARGET = 15.6;
				LD_RUNPATH_SEARCH_PATHS = (
					"$(inherited)",
					"@executable_path/Frameworks",
				);
				MARKETING_VERSION = 1.0;
				PRODUCT_BUNDLE_IDENTIFIER = EullerAmaral.MyContactList;
				PRODUCT_NAME = "$(TARGET_NAME)";
				SUPPORTED_PLATFORMS = "iphoneos iphonesimulator";
				SUPPORTS_MACCATALYST = NO;
				SUPPORTS_MAC_DESIGNED_FOR_IPHONE_IPAD = NO;
				SWIFT_EMIT_LOC_STRINGS = YES;
				SWIFT_VERSION = 5.0;
				TARGETED_DEVICE_FAMILY = 1;
			};
			name = Release;
		};
/* End XCBuildConfiguration section */

/* Begin XCConfigurationList section */
		2A371CAD2B3732CC0043802A /* Build configuration list for PBXProject "MyContactList" */ = {
			isa = XCConfigurationList;
			buildConfigurations = (
				2A371CC42B3732CE0043802A /* Debug */,
				2A371CC52B3732CE0043802A /* Release */,
			);
			defaultConfigurationIsVisible = 0;
			defaultConfigurationName = Release;
		};
		2A371CC62B3732CE0043802A /* Build configuration list for PBXNativeTarget "MyContactList" */ = {
			isa = XCConfigurationList;
			buildConfigurations = (
				2A371CC72B3732CE0043802A /* Debug */,
				2A371CC82B3732CE0043802A /* Release */,
			);
			defaultConfigurationIsVisible = 0;
			defaultConfigurationName = Release;
		};
/* End XCConfigurationList section */
	};
	rootObject = 2A371CAA2B3732CC0043802A /* Project object */;
}
